Microsoft Visual Studio Solution File, Format Version 12.00
# Visual Studio 15
VisualStudioVersion = 15.0.26127.0
MinimumVisualStudioVersion = 10.0.40219.1
Project("{8BC9CEB8-8B4A-11D0-8D11-00A0C91BC942}") = "PackageHelper_v13", "PackageHelper_v13.vcxproj", "{E63556EB-ABB4-427C-9D04-B4EA9FDDDCBF}"
EndProject
Global
	GlobalSection(SolutionConfigurationPlatforms) = preSolution
		Debug|Win32 = Debug|Win32
		Release|Win32 = Release|Win32
	EndGlobalSection
	GlobalSection(ProjectConfigurationPlatforms) = postSolution
		{E63556EB-ABB4-427C-9D04-B4EA9FDDDCBF}.Debug|Win32.ActiveCfg = Debug|Win32
		{E63556EB-ABB4-427C-9D04-B4EA9FDDDCBF}.Debug|Win32.Build.0 = Debug|Win32
		{E63556EB-ABB4-427C-9D04-B4EA9FDDDCBF}.Release|Win32.ActiveCfg = Release|Win32
		{E63556EB-ABB4-427C-9D04-B4EA9FDDDCBF}.Release|Win32.Build.0 = Release|Win32
	EndGlobalSection
	GlobalSection(SolutionProperties) = preSolution
		HideSolutionNode = FALSE
	EndGlobalSection
EndGlobal
